// !$*UTF8*$!
{
	archiveVersion = 1;
	classes = {
	};
	objectVersion = 56;
	objects = {

/* Begin PBXBuildFile section */
		81E2265D2B3681A4007BE6AF /* AppDelegate.swift in Sources */ = {isa = PBXBuildFile; fileRef = 81E2265C2B3681A4007BE6AF /* AppDelegate.swift */; };
		81E2265F2B3681A4007BE6AF /* SceneDelegate.swift in Sources */ = {isa = PBXBuildFile; fileRef = 81E2265E2B3681A4007BE6AF /* SceneDelegate.swift */; };
		81E226612B3681A4007BE6AF /* ViewController.swift in Sources */ = {isa = PBXBuildFile; fileRef = 81E226602B3681A4007BE6AF /* ViewController.swift */; };
		81E226642B3681A4007BE6AF /* Main.storyboard in Resources */ = {isa = PBXBuildFile; fileRef = 81E226622B3681A4007BE6AF /* Main.storyboard */; };
		81E226662B3681A6007BE6AF /* Assets.xcassets in Resources */ = {isa = PBXBuildFile; fileRef = 81E226652B3681A6007BE6AF /* Assets.xcassets */; };
		81E226692B3681A6007BE6AF /* LaunchScreen.storyboard in Resources */ = {isa = PBXBuildFile; fileRef = 81E226672B3681A6007BE6AF /* LaunchScreen.storyboard */; };
		81E226742B3681A6007BE6AF /* MKWebViewTests.swift in Sources */ = {isa = PBXBuildFile; fileRef = 81E226732B3681A6007BE6AF /* MKWebViewTests.swift */; };
		81E2267E2B3681A6007BE6AF /* MKWebViewUITests.swift in Sources */ = {isa = PBXBuildFile; fileRef = 81E2267D2B3681A6007BE6AF /* MKWebViewUITests.swift */; };
		81E226802B3681A6007BE6AF /* MKWebViewUITestsLaunchTests.swift in Sources */ = {isa = PBXBuildFile; fileRef = 81E2267F2B3681A6007BE6AF /* MKWebViewUITestsLaunchTests.swift */; };
/* End PBXBuildFile section */

/* Begin PBXContainerItemProxy section */
		81E226702B3681A6007BE6AF /* PBXContainerItemProxy */ = {
			isa = PBXContainerItemProxy;
			containerPortal = 81E226512B3681A4007BE6AF /* Project object */;
			proxyType = 1;
			remoteGlobalIDString = 81E226582B3681A4007BE6AF;
			remoteInfo = MKWebView;
		};
		81E2267A2B3681A6007BE6AF /* PBXContainerItemProxy */ = {
			isa = PBXContainerItemProxy;
			containerPortal = 81E226512B3681A4007BE6AF /* Project object */;
			proxyType = 1;
			remoteGlobalIDString = 81E226582B3681A4007BE6AF;
			remoteInfo = MKWebView;
		};
/* End PBXContainerItemProxy section */

/* Begin PBXFileReference section */
		81E226592B3681A4007BE6AF /* MKWebView.app */ = {isa = PBXFileReference; explicitFileType = wrapper.application; includeInIndex = 0; path = MKWebView.app; sourceTree = BUILT_PRODUCTS_DIR; };
		81E2265C2B3681A4007BE6AF /* AppDelegate.swift */ = {isa = PBXFileReference; lastKnownFileType = sourcecode.swift; path = AppDelegate.swift; sourceTree = "<group>"; };
		81E2265E2B3681A4007BE6AF /* SceneDelegate.swift */ = {isa = PBXFileReference; lastKnownFileType = sourcecode.swift; path = SceneDelegate.swift; sourceTree = "<group>"; };
		81E226602B3681A4007BE6AF /* ViewController.swift */ = {isa = PBXFileReference; lastKnownFileType = sourcecode.swift; path = ViewController.swift; sourceTree = "<group>"; };
		81E226632B3681A4007BE6AF /* Base */ = {isa = PBXFileReference; lastKnownFileType = file.storyboard; name = Base; path = Base.lproj/Main.storyboard; sourceTree = "<group>"; };
		81E226652B3681A6007BE6AF /* Assets.xcassets */ = {isa = PBXFileReference; lastKnownFileType = folder.assetcatalog; path = Assets.xcassets; sourceTree = "<group>"; };
		81E226682B3681A6007BE6AF /* Base */ = {isa = PBXFileReference; lastKnownFileType = file.storyboard; name = Base; path = Base.lproj/LaunchScreen.storyboard; sourceTree = "<group>"; };
		81E2266A2B3681A6007BE6AF /* Info.plist */ = {isa = PBXFileReference; lastKnownFileType = text.plist.xml; path = Info.plist; sourceTree = "<group>"; };
		81E2266F2B3681A6007BE6AF /* MKWebViewTests.xctest */ = {isa = PBXFileReference; explicitFileType = wrapper.cfbundle; includeInIndex = 0; path = MKWebViewTests.xctest; sourceTree = BUILT_PRODUCTS_DIR; };
		81E226732B3681A6007BE6AF /* MKWebViewTests.swift */ = {isa = PBXFileReference; lastKnownFileType = sourcecode.swift; path = MKWebViewTests.swift; sourceTree = "<group>"; };
		81E226792B3681A6007BE6AF /* MKWebViewUITests.xctest */ = {isa = PBXFileReference; explicitFileType = wrapper.cfbundle; includeInIndex = 0; path = MKWebViewUITests.xctest; sourceTree = BUILT_PRODUCTS_DIR; };
		81E2267D2B3681A6007BE6AF /* MKWebViewUITests.swift */ = {isa = PBXFileReference; lastKnownFileType = sourcecode.swift; path = MKWebViewUITests.swift; sourceTree = "<group>"; };
		81E2267F2B3681A6007BE6AF /* MKWebViewUITestsLaunchTests.swift */ = {isa = PBXFileReference; lastKnownFileType = sourcecode.swift; path = MKWebViewUITestsLaunchTests.swift; sourceTree = "<group>"; };
/* End PBXFileReference section */

/* Begin PBXFrameworksBuildPhase section */
		81E226562B3681A4007BE6AF /* Frameworks */ = {
			isa = PBXFrameworksBuildPhase;
			buildActionMask = 2147483647;
			files = (
			);
			runOnlyForDeploymentPostprocessing = 0;
		};
		81E2266C2B3681A6007BE6AF /* Frameworks */ = {
			isa = PBXFrameworksBuildPhase;
			buildActionMask = 2147483647;
			files = (
			);
			runOnlyForDeploymentPostprocessing = 0;
		};
		81E226762B3681A6007BE6AF /* Frameworks */ = {
			isa = PBXFrameworksBuildPhase;
			buildActionMask = 2147483647;
			files = (
			);
			runOnlyForDeploymentPostprocessing = 0;
		};
/* End PBXFrameworksBuildPhase section */

/* Begin PBXGroup section */
		81E226502B3681A4007BE6AF = {
			isa = PBXGroup;
			children = (
				81E2265B2B3681A4007BE6AF /* MKWebView */,
				81E226722B3681A6007BE6AF /* MKWebViewTests */,
				81E2267C2B3681A6007BE6AF /* MKWebViewUITests */,
				81E2265A2B3681A4007BE6AF /* Products */,
			);
			sourceTree = "<group>";
		};
		81E2265A2B3681A4007BE6AF /* Products */ = {
			isa = PBXGroup;
			children = (
				81E226592B3681A4007BE6AF /* MKWebView.app */,
				81E2266F2B3681A6007BE6AF /* MKWebViewTests.xctest */,
				81E226792B3681A6007BE6AF /* MKWebViewUITests.xctest */,
			);
			name = Products;
			sourceTree = "<group>";
		};
		81E2265B2B3681A4007BE6AF /* MKWebView */ = {
			isa = PBXGroup;
			children = (
				81E2265C2B3681A4007BE6AF /* AppDelegate.swift */,
				81E2265E2B3681A4007BE6AF /* SceneDelegate.swift */,
				81E226602B3681A4007BE6AF /* ViewController.swift */,
				81E226622B3681A4007BE6AF /* Main.storyboard */,
				81E226652B3681A6007BE6AF /* Assets.xcassets */,
				81E226672B3681A6007BE6AF /* LaunchScreen.storyboard */,
				81E2266A2B3681A6007BE6AF /* Info.plist */,
			);
			path = MKWebView;
			sourceTree = "<group>";
		};
		81E226722B3681A6007BE6AF /* MKWebViewTests */ = {
			isa = PBXGroup;
			children = (
				81E226732B3681A6007BE6AF /* MKWebViewTests.swift */,
			);
			path = MKWebViewTests;
			sourceTree = "<group>";
		};
		81E2267C2B3681A6007BE6AF /* MKWebViewUITests */ = {
			isa = PBXGroup;
			children = (
				81E2267D2B3681A6007BE6AF /* MKWebViewUITests.swift */,
				81E2267F2B3681A6007BE6AF /* MKWebViewUITestsLaunchTests.swift */,
			);
			path = MKWebViewUITests;
			sourceTree = "<group>";
		};
/* End PBXGroup section */

/* Begin PBXNativeTarget section */
		81E226582B3681A4007BE6AF /* MKWebView */ = {
			isa = PBXNativeTarget;
			buildConfigurationList = 81E226832B3681A6007BE6AF /* Build configuration list for PBXNativeTarget "MKWebView" */;
			buildPhases = (
				81E226552B3681A4007BE6AF /* Sources */,
				81E226562B3681A4007BE6AF /* Frameworks */,
				81E226572B3681A4007BE6AF /* Resources */,
			);
			buildRules = (
			);
			dependencies = (
			);
			name = MKWebView;
			productName = MKWebView;
			productReference = 81E226592B3681A4007BE6AF /* MKWebView.app */;
			productType = "com.apple.product-type.application";
		};
		81E2266E2B3681A6007BE6AF /* MKWebViewTests */ = {
			isa = PBXNativeTarget;
			buildConfigurationList = 81E226862B3681A6007BE6AF /* Build configuration list for PBXNativeTarget "MKWebViewTests" */;
			buildPhases = (
				81E2266B2B3681A6007BE6AF /* Sources */,
				81E2266C2B3681A6007BE6AF /* Frameworks */,
				81E2266D2B3681A6007BE6AF /* Resources */,
			);
			buildRules = (
			);
			dependencies = (
				81E226712B3681A6007BE6AF /* PBXTargetDependency */,
			);
			name = MKWebViewTests;
			productName = MKWebViewTests;
			productReference = 81E2266F2B3681A6007BE6AF /* MKWebViewTests.xctest */;
			productType = "com.apple.product-type.bundle.unit-test";
		};
		81E226782B3681A6007BE6AF /* MKWebViewUITests */ = {
			isa = PBXNativeTarget;
			buildConfigurationList = 81E226892B3681A6007BE6AF /* Build configuration list for PBXNativeTarget "MKWebViewUITests" */;
			buildPhases = (
				81E226752B3681A6007BE6AF /* Sources */,
				81E226762B3681A6007BE6AF /* Frameworks */,
				81E226772B3681A6007BE6AF /* Resources */,
			);
			buildRules = (
			);
			dependencies = (
				81E2267B2B3681A6007BE6AF /* PBXTargetDependency */,
			);
			name = MKWebViewUITests;
			productName = MKWebViewUITests;
			productReference = 81E226792B3681A6007BE6AF /* MKWebViewUITests.xctest */;
			productType = "com.apple.product-type.bundle.ui-testing";
		};
/* End PBXNativeTarget section */

/* Begin PBXProject section */
		81E226512B3681A4007BE6AF /* Project object */ = {
			isa = PBXProject;
			attributes = {
				BuildIndependentTargetsInParallel = 1;
				LastSwiftUpdateCheck = 1500;
				LastUpgradeCheck = 1500;
				TargetAttributes = {
					81E226582B3681A4007BE6AF = {
						CreatedOnToolsVersion = 15.0;
					};
					81E2266E2B3681A6007BE6AF = {
						CreatedOnToolsVersion = 15.0;
						TestTargetID = 81E226582B3681A4007BE6AF;
					};
					81E226782B3681A6007BE6AF = {
						CreatedOnToolsVersion = 15.0;
						TestTargetID = 81E226582B3681A4007BE6AF;
					};
				};
			};
			buildConfigurationList = 81E226542B3681A4007BE6AF /* Build configuration list for PBXProject "MKWebView" */;
			compatibilityVersion = "Xcode 14.0";
			developmentRegion = en;
			hasScannedForEncodings = 0;
			knownRegions = (
				en,
				Base,
			);
			mainGroup = 81E226502B3681A4007BE6AF;
			productRefGroup = 81E2265A2B3681A4007BE6AF /* Products */;
			projectDirPath = "";
			projectRoot = "";
			targets = (
				81E226582B3681A4007BE6AF /* MKWebView */,
				81E2266E2B3681A6007BE6AF /* MKWebViewTests */,
				81E226782B3681A6007BE6AF /* MKWebViewUITests */,
			);
		};
/* End PBXProject section */

/* Begin PBXResourcesBuildPhase section */
		81E226572B3681A4007BE6AF /* Resources */ = {
			isa = PBXResourcesBuildPhase;
			buildActionMask = 2147483647;
			files = (
				81E226692B3681A6007BE6AF /* LaunchScreen.storyboard in Resources */,
				81E226662B3681A6007BE6AF /* Assets.xcassets in Resources */,
				81E226642B3681A4007BE6AF /* Main.storyboard in Resources */,
			);
			runOnlyForDeploymentPostprocessing = 0;
		};
		81E2266D2B3681A6007BE6AF /* Resources */ = {
			isa = PBXResourcesBuildPhase;
			buildActionMask = 2147483647;
			files = (
			);
			runOnlyForDeploymentPostprocessing = 0;
		};
		81E226772B3681A6007BE6AF /* Resources */ = {
			isa = PBXResourcesBuildPhase;
			buildActionMask = 2147483647;
			files = (
			);
			runOnlyForDeploymentPostprocessing = 0;
		};
/* End PBXResourcesBuildPhase section */

/* Begin PBXSourcesBuildPhase section */
		81E226552B3681A4007BE6AF /* Sources */ = {
			isa = PBXSourcesBuildPhase;
			buildActionMask = 2147483647;
			files = (
				81E226612B3681A4007BE6AF /* ViewController.swift in Sources */,
				81E2265D2B3681A4007BE6AF /* AppDelegate.swift in Sources */,
				81E2265F2B3681A4007BE6AF /* SceneDelegate.swift in Sources */,
			);
			runOnlyForDeploymentPostprocessing = 0;
		};
		81E2266B2B3681A6007BE6AF /* Sources */ = {
			isa = PBXSourcesBuildPhase;
			buildActionMask = 2147483647;
			files = (
				81E226742B3681A6007BE6AF /* MKWebViewTests.swift in Sources */,
			);
			runOnlyForDeploymentPostprocessing = 0;
		};
		81E226752B3681A6007BE6AF /* Sources */ = {
			isa = PBXSourcesBuildPhase;
			buildActionMask = 2147483647;
			files = (
				81E226802B3681A6007BE6AF /* MKWebViewUITestsLaunchTests.swift in Sources */,
				81E2267E2B3681A6007BE6AF /* MKWebViewUITests.swift in Sources */,
			);
			runOnlyForDeploymentPostprocessing = 0;
		};
/* End PBXSourcesBuildPhase section */

/* Begin PBXTargetDependency section */
		81E226712B3681A6007BE6AF /* PBXTargetDependency */ = {
			isa = PBXTargetDependency;
			target = 81E226582B3681A4007BE6AF /* MKWebView */;
			targetProxy = 81E226702B3681A6007BE6AF /* PBXContainerItemProxy */;
		};
		81E2267B2B3681A6007BE6AF /* PBXTargetDependency */ = {
			isa = PBXTargetDependency;
			target = 81E226582B3681A4007BE6AF /* MKWebView */;
			targetProxy = 81E2267A2B3681A6007BE6AF /* PBXContainerItemProxy */;
		};
/* End PBXTargetDependency section */

/* Begin PBXVariantGroup section */
		81E226622B3681A4007BE6AF /* Main.storyboard */ = {
			isa = PBXVariantGroup;
			children = (
				81E226632B3681A4007BE6AF /* Base */,
			);
			name = Main.storyboard;
			sourceTree = "<group>";
		};
		81E226672B3681A6007BE6AF /* LaunchScreen.storyboard */ = {
			isa = PBXVariantGroup;
			children = (
				81E226682B3681A6007BE6AF /* Base */,
			);
			name = LaunchScreen.storyboard;
			sourceTree = "<group>";
		};
/* End PBXVariantGroup section */

/* Begin XCBuildConfiguration section */
		81E226812B3681A6007BE6AF /* Debug */ = {
			isa = XCBuildConfiguration;
			buildSettings = {
				ALWAYS_SEARCH_USER_PATHS = NO;
				ASSETCATALOG_COMPILER_GENERATE_SWIFT_ASSET_SYMBOL_EXTENSIONS = YES;
				CLANG_ANALYZER_NONNULL = YES;
				CLANG_ANALYZER_NUMBER_OBJECT_CONVERSION = YES_AGGRESSIVE;
				CLANG_CXX_LANGUAGE_STANDARD = "gnu++20";
				CLANG_ENABLE_MODULES = YES;
				CLANG_ENABLE_OBJC_ARC = YES;
				CLANG_ENABLE_OBJC_WEAK = YES;
				CLANG_WARN_BLOCK_CAPTURE_AUTORELEASING = YES;
				CLANG_WARN_BOOL_CONVERSION = YES;
				CLANG_WARN_COMMA = YES;
				CLANG_WARN_CONSTANT_CONVERSION = YES;
				CLANG_WARN_DEPRECATED_OBJC_IMPLEMENTATIONS = YES;
				CLANG_WARN_DIRECT_OBJC_ISA_USAGE = YES_ERROR;
				CLANG_WARN_DOCUMENTATION_COMMENTS = YES;
				CLANG_WARN_EMPTY_BODY = YES;
				CLANG_WARN_ENUM_CONVERSION = YES;
				CLANG_WARN_INFINITE_RECURSION = YES;
				CLANG_WARN_INT_CONVERSION = YES;
				CLANG_WARN_NON_LITERAL_NULL_CONVERSION = YES;
				CLANG_WARN_OBJC_IMPLICIT_RETAIN_SELF = YES;
				CLANG_WARN_OBJC_LITERAL_CONVERSION = YES;
				CLANG_WARN_OBJC_ROOT_CLASS = YES_ERROR;
				CLANG_WARN_QUOTED_INCLUDE_IN_FRAMEWORK_HEADER = YES;
				CLANG_WARN_RANGE_LOOP_ANALYSIS = YES;
				CLANG_WARN_STRICT_PROTOTYPES = YES;
				CLANG_WARN_SUSPICIOUS_MOVE = YES;
				CLANG_WARN_UNGUARDED_AVAILABILITY = YES_AGGRESSIVE;
				CLANG_WARN_UNREACHABLE_CODE = YES;
				CLANG_WARN__DUPLICATE_METHOD_MATCH = YES;
				COPY_PHASE_STRIP = NO;
				DEBUG_INFORMATION_FORMAT = dwarf;
				ENABLE_STRICT_OBJC_MSGSEND = YES;
				ENABLE_TESTABILITY = YES;
				ENABLE_USER_SCRIPT_SANDBOXING = YES;
				GCC_C_LANGUAGE_STANDARD = gnu17;
				GCC_DYNAMIC_NO_PIC = NO;
				GCC_NO_COMMON_BLOCKS = YES;
				GCC_OPTIMIZATION_LEVEL = 0;
				GCC_PREPROCESSOR_DEFINITIONS = (
					"DEBUG=1",
					"$(inherited)",
				);
				GCC_WARN_64_TO_32_BIT_CONVERSION = YES;
				GCC_WARN_ABOUT_RETURN_TYPE = YES_ERROR;
				GCC_WARN_UNDECLARED_SELECTOR = YES;
				GCC_WARN_UNINITIALIZED_AUTOS = YES_AGGRESSIVE;
				GCC_WARN_UNUSED_FUNCTION = YES;
				GCC_WARN_UNUSED_VARIABLE = YES;
				IPHONEOS_DEPLOYMENT_TARGET = 17.0;
				LOCALIZATION_PREFERS_STRING_CATALOGS = YES;
				MTL_ENABLE_DEBUG_INFO = INCLUDE_SOURCE;
				MTL_FAST_MATH = YES;
				ONLY_ACTIVE_ARCH = YES;
				SDKROOT = iphoneos;
				SWIFT_ACTIVE_COMPILATION_CONDITIONS = "DEBUG $(inherited)";
				SWIFT_OPTIMIZATION_LEVEL = "-Onone";
			};
			name = Debug;
		};
		81E226822B3681A6007BE6AF /* Release */ = {
			isa = XCBuildConfiguration;
			buildSettings = {
				ALWAYS_SEARCH_USER_PATHS = NO;
				ASSETCATALOG_COMPILER_GENERATE_SWIFT_ASSET_SYMBOL_EXTENSIONS = YES;
				CLANG_ANALYZER_NONNULL = YES;
				CLANG_ANALYZER_NUMBER_OBJECT_CONVERSION = YES_AGGRESSIVE;
				CLANG_CXX_LANGUAGE_STANDARD = "gnu++20";
				CLANG_ENABLE_MODULES = YES;
				CLANG_ENABLE_OBJC_ARC = YES;
				CLANG_ENABLE_OBJC_WEAK = YES;
				CLANG_WARN_BLOCK_CAPTURE_AUTORELEASING = YES;
				CLANG_WARN_BOOL_CONVERSION = YES;
				CLANG_WARN_COMMA = YES;
				CLANG_WARN_CONSTANT_CONVERSION = YES;
				CLANG_WARN_DEPRECATED_OBJC_IMPLEMENTATIONS = YES;
				CLANG_WARN_DIRECT_OBJC_ISA_USAGE = YES_ERROR;
				CLANG_WARN_DOCUMENTATION_COMMENTS = YES;
				CLANG_WARN_EMPTY_BODY = YES;
				CLANG_WARN_ENUM_CONVERSION = YES;
				CLANG_WARN_INFINITE_RECURSION = YES;
				CLANG_WARN_INT_CONVERSION = YES;
				CLANG_WARN_NON_LITERAL_NULL_CONVERSION = YES;
				CLANG_WARN_OBJC_IMPLICIT_RETAIN_SELF = YES;
				CLANG_WARN_OBJC_LITERAL_CONVERSION = YES;
				CLANG_WARN_OBJC_ROOT_CLASS = YES_ERROR;
				CLANG_WARN_QUOTED_INCLUDE_IN_FRAMEWORK_HEADER = YES;
				CLANG_WARN_RANGE_LOOP_ANALYSIS = YES;
				CLANG_WARN_STRICT_PROTOTYPES = YES;
				CLANG_WARN_SUSPICIOUS_MOVE = YES;
				CLANG_WARN_UNGUARDED_AVAILABILITY = YES_AGGRESSIVE;
				CLANG_WARN_UNREACHABLE_CODE = YES;
				CLANG_WARN__DUPLICATE_METHOD_MATCH = YES;
				COPY_PHASE_STRIP = NO;
				DEBUG_INFORMATION_FORMAT = "dwarf-with-dsym";
				ENABLE_NS_ASSERTIONS = NO;
				ENABLE_STRICT_OBJC_MSGSEND = YES;
				ENABLE_USER_SCRIPT_SANDBOXING = YES;
				GCC_C_LANGUAGE_STANDARD = gnu17;
				GCC_NO_COMMON_BLOCKS = YES;
				GCC_WARN_64_TO_32_BIT_CONVERSION = YES;
				GCC_WARN_ABOUT_RETURN_TYPE = YES_ERROR;
				GCC_WARN_UNDECLARED_SELECTOR = YES;
				GCC_WARN_UNINITIALIZED_AUTOS = YES_AGGRESSIVE;
				GCC_WARN_UNUSED_FUNCTION = YES;
				GCC_WARN_UNUSED_VARIABLE = YES;
				IPHONEOS_DEPLOYMENT_TARGET = 17.0;
				LOCALIZATION_PREFERS_STRING_CATALOGS = YES;
				MTL_ENABLE_DEBUG_INFO = NO;
				MTL_FAST_MATH = YES;
				SDKROOT = iphoneos;
				SWIFT_COMPILATION_MODE = wholemodule;
				VALIDATE_PRODUCT = YES;
			};
			name = Release;
		};
		81E226842B3681A6007BE6AF /* Debug */ = {
			isa = XCBuildConfiguration;
			buildSettings = {
				ASSETCATALOG_COMPILER_APPICON_NAME = AppIcon;
				ASSETCATALOG_COMPILER_GLOBAL_ACCENT_COLOR_NAME = AccentColor;
				CODE_SIGN_STYLE = Automatic;
				CURRENT_PROJECT_VERSION = 1;
				GENERATE_INFOPLIST_FILE = YES;
				INFOPLIST_FILE = MKWebView/Info.plist;
				INFOPLIST_KEY_UIApplicationSupportsIndirectInputEvents = YES;
				INFOPLIST_KEY_UILaunchStoryboardName = LaunchScreen;
				INFOPLIST_KEY_UIMainStoryboardFile = Main;
				INFOPLIST_KEY_UISupportedInterfaceOrientations_iPad = "UIInterfaceOrientationPortrait UIInterfaceOrientationPortraitUpsideDown UIInterfaceOrientationLandscapeLeft UIInterfaceOrientationLandscapeRight";
				INFOPLIST_KEY_UISupportedInterfaceOrientations_iPhone = "UIInterfaceOrientationPortrait UIInterfaceOrientationLandscapeLeft UIInterfaceOrientationLandscapeRight";
				LD_RUNPATH_SEARCH_PATHS = (
					"$(inherited)",
					"@executable_path/Frameworks",
				);
				MARKETING_VERSION = 1.0;
				PRODUCT_BUNDLE_IDENTIFIER = com.MKWebView.miki.MKWebView;
				PRODUCT_NAME = "$(TARGET_NAME)";
				SWIFT_EMIT_LOC_STRINGS = YES;
				SWIFT_VERSION = 5.0;
				TARGETED_DEVICE_FAMILY = "1,2";
			};
			name = Debug;
		};
		81E226852B3681A6007BE6AF /* Release */ = {
			isa = XCBuildConfiguration;
			buildSettings = {
				ASSETCATALOG_COMPILER_APPICON_NAME = AppIcon;
				ASSETCATALOG_COMPILER_GLOBAL_ACCENT_COLOR_NAME = AccentColor;
				CODE_SIGN_STYLE = Automatic;
				CURRENT_PROJECT_VERSION = 1;
				GENERATE_INFOPLIST_FILE = YES;
				INFOPLIST_FILE = MKWebView/Info.plist;
				INFOPLIST_KEY_UIApplicationSupportsIndirectInputEvents = YES;
				INFOPLIST_KEY_UILaunchStoryboardName = LaunchScreen;
				INFOPLIST_KEY_UIMainStoryboardFile = Main;
				INFOPLIST_KEY_UISupportedInterfaceOrientations_iPad = "UIInterfaceOrientationPortrait UIInterfaceOrientationPortraitUpsideDown UIInterfaceOrientationLandscapeLeft UIInterfaceOrientationLandscapeRight";
				INFOPLIST_KEY_UISupportedInterfaceOrientations_iPhone = "UIInterfaceOrientationPortrait UIInterfaceOrientationLandscapeLeft UIInterfaceOrientationLandscapeRight";
				LD_RUNPATH_SEARCH_PATHS = (
					"$(inherited)",
					"@executable_path/Frameworks",
				);
				MARKETING_VERSION = 1.0;
				PRODUCT_BUNDLE_IDENTIFIER = com.MKWebView.miki.MKWebView;
				PRODUCT_NAME = "$(TARGET_NAME)";
				SWIFT_EMIT_LOC_STRINGS = YES;
				SWIFT_VERSION = 5.0;
				TARGETED_DEVICE_FAMILY = "1,2";
			};
			name = Release;
		};
		81E226872B3681A6007BE6AF /* Debug */ = {
			isa = XCBuildConfiguration;
			buildSettings = {
				ALWAYS_EMBED_SWIFT_STANDARD_LIBRARIES = YES;
				BUNDLE_LOADER = "$(TEST_HOST)";
				CODE_SIGN_STYLE = Automatic;
				CURRENT_PROJECT_VERSION = 1;
				GENERATE_INFOPLIST_FILE = YES;
				IPHONEOS_DEPLOYMENT_TARGET = 17.0;
				MARKETING_VERSION = 1.0;
				PRODUCT_BUNDLE_IDENTIFIER = com.MKWebView.miki.MKWebViewTests;
				PRODUCT_NAME = "$(TARGET_NAME)";
				SWIFT_EMIT_LOC_STRINGS = NO;
				SWIFT_VERSION = 5.0;
				TARGETED_DEVICE_FAMILY = "1,2";
				TEST_HOST = "$(BUILT_PRODUCTS_DIR)/MKWebView.app/$(BUNDLE_EXECUTABLE_FOLDER_PATH)/MKWebView";
			};
			name = Debug;
		};
		81E226882B3681A6007BE6AF /* Release */ = {
			isa = XCBuildConfiguration;
			buildSettings = {
				ALWAYS_EMBED_SWIFT_STANDARD_LIBRARIES = YES;
				BUNDLE_LOADER = "$(TEST_HOST)";
				CODE_SIGN_STYLE = Automatic;
				CURRENT_PROJECT_VERSION = 1;
				GENERATE_INFOPLIST_FILE = YES;
				IPHONEOS_DEPLOYMENT_TARGET = 17.0;
				MARKETING_VERSION = 1.0;
				PRODUCT_BUNDLE_IDENTIFIER = com.MKWebView.miki.MKWebViewTests;
				PRODUCT_NAME = "$(TARGET_NAME)";
				SWIFT_EMIT_LOC_STRINGS = NO;
				SWIFT_VERSION = 5.0;
				TARGETED_DEVICE_FAMILY = "1,2";
				TEST_HOST = "$(BUILT_PRODUCTS_DIR)/MKWebView.app/$(BUNDLE_EXECUTABLE_FOLDER_PATH)/MKWebView";
			};
			name = Release;
		};
		81E2268A2B3681A6007BE6AF /* Debug */ = {
			isa = XCBuildConfiguration;
			buildSettings = {
				ALWAYS_EMBED_SWIFT_STANDARD_LIBRARIES = YES;
				CODE_SIGN_STYLE = Automatic;
				CURRENT_PROJECT_VERSION = 1;
				GENERATE_INFOPLIST_FILE = YES;
				MARKETING_VERSION = 1.0;
				PRODUCT_BUNDLE_IDENTIFIER = com.MKWebView.miki.MKWebViewUITests;
				PRODUCT_NAME = "$(TARGET_NAME)";
				SWIFT_EMIT_LOC_STRINGS = NO;
				SWIFT_VERSION = 5.0;
				TARGETED_DEVICE_FAMILY = "1,2";
				TEST_TARGET_NAME = MKWebView;
			};
			name = Debug;
		};
		81E2268B2B3681A6007BE6AF /* Release */ = {
			isa = XCBuildConfiguration;
			buildSettings = {
				ALWAYS_EMBED_SWIFT_STANDARD_LIBRARIES = YES;
				CODE_SIGN_STYLE = Automatic;
				CURRENT_PROJECT_VERSION = 1;
				GENERATE_INFOPLIST_FILE = YES;
				MARKETING_VERSION = 1.0;
				PRODUCT_BUNDLE_IDENTIFIER = com.MKWebView.miki.MKWebViewUITests;
				PRODUCT_NAME = "$(TARGET_NAME)";
				SWIFT_EMIT_LOC_STRINGS = NO;
				SWIFT_VERSION = 5.0;
				TARGETED_DEVICE_FAMILY = "1,2";
				TEST_TARGET_NAME = MKWebView;
			};
			name = Release;
		};
/* End XCBuildConfiguration section */

/* Begin XCConfigurationList section */
		81E226542B3681A4007BE6AF /* Build configuration list for PBXProject "MKWebView" */ = {
			isa = XCConfigurationList;
			buildConfigurations = (
				81E226812B3681A6007BE6AF /* Debug */,
				81E226822B3681A6007BE6AF /* Release */,
			);
			defaultConfigurationIsVisible = 0;
			defaultConfigurationName = Release;
		};
		81E226832B3681A6007BE6AF /* Build configuration list for PBXNativeTarget "MKWebView" */ = {
			isa = XCConfigurationList;
			buildConfigurations = (
				81E226842B3681A6007BE6AF /* Debug */,
				81E226852B3681A6007BE6AF /* Release */,
			);
			defaultConfigurationIsVisible = 0;
			defaultConfigurationName = Release;
		};
		81E226862B3681A6007BE6AF /* Build configuration list for PBXNativeTarget "MKWebViewTests" */ = {
			isa = XCConfigurationList;
			buildConfigurations = (
				81E226872B3681A6007BE6AF /* Debug */,
				81E226882B3681A6007BE6AF /* Release */,
			);
			defaultConfigurationIsVisible = 0;
			defaultConfigurationName = Release;
		};
		81E226892B3681A6007BE6AF /* Build configuration list for PBXNativeTarget "MKWebViewUITests" */ = {
			isa = XCConfigurationList;
			buildConfigurations = (
				81E2268A2B3681A6007BE6AF /* Debug */,
				81E2268B2B3681A6007BE6AF /* Release */,
			);
			defaultConfigurationIsVisible = 0;
			defaultConfigurationName = Release;
		};
/* End XCConfigurationList section */
	};
	rootObject = 81E226512B3681A4007BE6AF /* Project object */;
}
